Microsoft Visual Studio Solution File, Format Version 12.00
# Visual Studio Version 17
VisualStudioVersion = 17.5.2.0
MinimumVisualStudioVersion = 10.0.40219.1
Project("{FAE04EC0-301F-11D3-BF4B-00C04F79EFBC}") = "FunctEngine", "FunctEngine.csproj", "{64782C59-ED09-813F-C129-5A02DE54D3B2}"
EndProject
Global
	GlobalSection(SolutionConfigurationPlatforms) = preSolution
		Debug|Any CPU = Debug|Any CPU
		Release|Any CPU = Release|Any CPU
	EndGlobalSection
	GlobalSection(ProjectConfigurationPlatforms) = postSolution
		{64782C59-ED09-813F-C129-5A02DE54D3B2}.Debug|Any CPU.ActiveCfg = Debug|Any CPU
		{64782C59-ED09-813F-C129-5A02DE54D3B2}.Debug|Any CPU.Build.0 = Debug|Any CPU
		{64782C59-ED09-813F-C129-5A02DE54D3B2}.Release|Any CPU.ActiveCfg = Release|Any CPU
		{64782C59-ED09-813F-C129-5A02DE54D3B2}.Release|Any CPU.Build.0 = Release|Any CPU
	EndGlobalSection
	GlobalSection(SolutionProperties) = preSolution
		HideSolutionNode = FALSE
	EndGlobalSection
	GlobalSection(ExtensibilityGlobals) = postSolution
		SolutionGuid = {440E0D6A-A43A-462D-A03A-0F40653A7653}
	EndGlobalSection
EndGlobal
