
Microsoft Visual Studio Solution File, Format Version 12.00
# Visual Studio Version 17
VisualStudioVersion = 17.14.36414.22
MinimumVisualStudioVersion = 10.0.40219.1
Project("{FAE04EC0-301F-11D3-BF4B-00C04F79EFBC}") = "FunctEngine", "FunctEngine\FunctEngine.csproj", "{5F9C60A6-2811-436D-A0B6-7DA16BA611ED}"
EndProject
Project("{FAE04EC0-301F-11D3-BF4B-00C04F79EFBC}") = "Server", "Server\Server.csproj", "{B6DC26FE-3DE4-47AD-8203-9B07CAEFD472}"
EndProject
Project("{FAE04EC0-301F-11D3-BF4B-00C04F79EFBC}") = "MathFunctions", "MathFunctions\MathFunctions.csproj", "{847F9F0C-4CA3-4FBF-BD87-8184799641A6}"
EndProject
Project("{FAE04EC0-301F-11D3-BF4B-00C04F79EFBC}") = "StringUtilities", "StringUtilities\StringUtilities.csproj", "{63BCECD0-89E4-4027-BB17-D010B2FE43A0}"
EndProject
Project("{FAE04EC0-301F-11D3-BF4B-00C04F79EFBC}") = "DateTimeFunctions", "DateTimeFunctions\DateTimeFunctions.csproj", "{CDA282DD-6054-41E8-820F-CAC363213D40}"
EndProject
Project("{FAE04EC0-301F-11D3-BF4B-00C04F79EFBC}") = "FinancialFunctions", "FinancialFunctions\FinancialFunctions.csproj", "{539F2F6B-3695-4D5A-B9CD-B4877257129A}"
EndProject
Project("{FAE04EC0-301F-11D3-BF4B-00C04F79EFBC}") = "DoeFunctions", "DoeFunctions\DoeFunctions.csproj", "{FED4D47E-CDFF-45D3-8E59-AF819686ABE1}"
EndProject
Project("{FAE04EC0-301F-11D3-BF4B-00C04F79EFBC}") = "DataTableFunctions", "DataTableFunctions\DataTableFunctions.csproj", "{5F3410FB-8707-4EB2-AD77-0EA74A743421}"
EndProject
Project("{FAE04EC0-301F-11D3-BF4B-00C04F79EFBC}") = "TimeSeriesFunctions", "TimeSeriesFunctions\TimeSeriesFunctions.csproj", "{6021B293-7522-4D99-A69A-F25D47BCF531}"
EndProject
Project("{FAE04EC0-301F-11D3-BF4B-00C04F79EFBC}") = "NonParametricFunctions", "NonParametricFunctions\NonParametricFunctions.csproj", "{46D397CD-D80E-42B1-AF1C-25CE8042A71D}"
EndProject
Project("{FAE04EC0-301F-11D3-BF4B-00C04F79EFBC}") = "DistributionFunctions", "DistributionFunctions\DistributionFunctions.csproj", "{172DEFAC-10DE-404A-874C-39F4B0992A69}"
EndProject
Project("{FAE04EC0-301F-11D3-BF4B-00C04F79EFBC}") = "Server.Tests", "Server.Tests\Server.Tests.csproj", "{34C20138-E106-4B60-970D-C8DEF3A31AC0}"
EndProject
Global
	GlobalSection(SolutionConfigurationPlatforms) = preSolution
		Debug|Any CPU = Debug|Any CPU
		Debug|x64 = Debug|x64
		Debug|x86 = Debug|x86
		Release|Any CPU = Release|Any CPU
		Release|x64 = Release|x64
		Release|x86 = Release|x86
	EndGlobalSection
	GlobalSection(ProjectConfigurationPlatforms) = postSolution
		{5F9C60A6-2811-436D-A0B6-7DA16BA611ED}.Debug|Any CPU.ActiveCfg = Debug|Any CPU
		{5F9C60A6-2811-436D-A0B6-7DA16BA611ED}.Debug|Any CPU.Build.0 = Debug|Any CPU
		{5F9C60A6-2811-436D-A0B6-7DA16BA611ED}.Debug|x64.ActiveCfg = Debug|Any CPU
		{5F9C60A6-2811-436D-A0B6-7DA16BA611ED}.Debug|x64.Build.0 = Debug|Any CPU
		{5F9C60A6-2811-436D-A0B6-7DA16BA611ED}.Debug|x86.ActiveCfg = Debug|Any CPU
		{5F9C60A6-2811-436D-A0B6-7DA16BA611ED}.Debug|x86.Build.0 = Debug|Any CPU
		{5F9C60A6-2811-436D-A0B6-7DA16BA611ED}.Release|Any CPU.ActiveCfg = Release|Any CPU
		{5F9C60A6-2811-436D-A0B6-7DA16BA611ED}.Release|Any CPU.Build.0 = Release|Any CPU
		{5F9C60A6-2811-436D-A0B6-7DA16BA611ED}.Release|x64.ActiveCfg = Release|Any CPU
		{5F9C60A6-2811-436D-A0B6-7DA16BA611ED}.Release|x64.Build.0 = Release|Any CPU
		{5F9C60A6-2811-436D-A0B6-7DA16BA611ED}.Release|x86.ActiveCfg = Release|Any CPU
		{5F9C60A6-2811-436D-A0B6-7DA16BA611ED}.Release|x86.Build.0 = Release|Any CPU
		{B6DC26FE-3DE4-47AD-8203-9B07CAEFD472}.Debug|Any CPU.ActiveCfg = Debug|Any CPU
		{B6DC26FE-3DE4-47AD-8203-9B07CAEFD472}.Debug|Any CPU.Build.0 = Debug|Any CPU
		{B6DC26FE-3DE4-47AD-8203-9B07CAEFD472}.Debug|x64.ActiveCfg = Debug|Any CPU
		{B6DC26FE-3DE4-47AD-8203-9B07CAEFD472}.Debug|x64.Build.0 = Debug|Any CPU
		{B6DC26FE-3DE4-47AD-8203-9B07CAEFD472}.Debug|x86.ActiveCfg = Debug|Any CPU
		{B6DC26FE-3DE4-47AD-8203-9B07CAEFD472}.Debug|x86.Build.0 = Debug|Any CPU
		{B6DC26FE-3DE4-47AD-8203-9B07CAEFD472}.Release|Any CPU.ActiveCfg = Release|Any CPU
		{B6DC26FE-3DE4-47AD-8203-9B07CAEFD472}.Release|Any CPU.Build.0 = Release|Any CPU
		{B6DC26FE-3DE4-47AD-8203-9B07CAEFD472}.Release|x64.ActiveCfg = Release|Any CPU
		{B6DC26FE-3DE4-47AD-8203-9B07CAEFD472}.Release|x64.Build.0 = Release|Any CPU
		{B6DC26FE-3DE4-47AD-8203-9B07CAEFD472}.Release|x86.ActiveCfg = Release|Any CPU
		{B6DC26FE-3DE4-47AD-8203-9B07CAEFD472}.Release|x86.Build.0 = Release|Any CPU
		{847F9F0C-4CA3-4FBF-BD87-8184799641A6}.Debug|Any CPU.ActiveCfg = Debug|Any CPU
		{847F9F0C-4CA3-4FBF-BD87-8184799641A6}.Debug|Any CPU.Build.0 = Debug|Any CPU
		{847F9F0C-4CA3-4FBF-BD87-8184799641A6}.Debug|x64.ActiveCfg = Debug|Any CPU
		{847F9F0C-4CA3-4FBF-BD87-8184799641A6}.Debug|x64.Build.0 = Debug|Any CPU
		{847F9F0C-4CA3-4FBF-BD87-8184799641A6}.Debug|x86.ActiveCfg = Debug|Any CPU
		{847F9F0C-4CA3-4FBF-BD87-8184799641A6}.Debug|x86.Build.0 = Debug|Any CPU
		{847F9F0C-4CA3-4FBF-BD87-8184799641A6}.Release|Any CPU.ActiveCfg = Release|Any CPU
		{847F9F0C-4CA3-4FBF-BD87-8184799641A6}.Release|Any CPU.Build.0 = Release|Any CPU
		{847F9F0C-4CA3-4FBF-BD87-8184799641A6}.Release|x64.ActiveCfg = Release|Any CPU
		{847F9F0C-4CA3-4FBF-BD87-8184799641A6}.Release|x64.Build.0 = Release|Any CPU
		{847F9F0C-4CA3-4FBF-BD87-8184799641A6}.Release|x86.ActiveCfg = Release|Any CPU
		{847F9F0C-4CA3-4FBF-BD87-8184799641A6}.Release|x86.Build.0 = Release|Any CPU
		{63BCECD0-89E4-4027-BB17-D010B2FE43A0}.Debug|Any CPU.ActiveCfg = Debug|Any CPU
		{63BCECD0-89E4-4027-BB17-D010B2FE43A0}.Debug|Any CPU.Build.0 = Debug|Any CPU
		{63BCECD0-89E4-4027-BB17-D010B2FE43A0}.Debug|x64.ActiveCfg = Debug|Any CPU
		{63BCECD0-89E4-4027-BB17-D010B2FE43A0}.Debug|x64.Build.0 = Debug|Any CPU
		{63BCECD0-89E4-4027-BB17-D010B2FE43A0}.Debug|x86.ActiveCfg = Debug|Any CPU
		{63BCECD0-89E4-4027-BB17-D010B2FE43A0}.Debug|x86.Build.0 = Debug|Any CPU
		{63BCECD0-89E4-4027-BB17-D010B2FE43A0}.Release|Any CPU.ActiveCfg = Release|Any CPU
		{63BCECD0-89E4-4027-BB17-D010B2FE43A0}.Release|Any CPU.Build.0 = Release|Any CPU
		{63BCECD0-89E4-4027-BB17-D010B2FE43A0}.Release|x64.ActiveCfg = Release|Any CPU
		{63BCECD0-89E4-4027-BB17-D010B2FE43A0}.Release|x64.Build.0 = Release|Any CPU
		{63BCECD0-89E4-4027-BB17-D010B2FE43A0}.Release|x86.ActiveCfg = Release|Any CPU
		{63BCECD0-89E4-4027-BB17-D010B2FE43A0}.Release|x86.Build.0 = Release|Any CPU
		{CDA282DD-6054-41E8-820F-CAC363213D40}.Debug|Any CPU.ActiveCfg = Debug|Any CPU
		{CDA282DD-6054-41E8-820F-CAC363213D40}.Debug|Any CPU.Build.0 = Debug|Any CPU
		{CDA282DD-6054-41E8-820F-CAC363213D40}.Debug|x64.ActiveCfg = Debug|Any CPU
		{CDA282DD-6054-41E8-820F-CAC363213D40}.Debug|x64.Build.0 = Debug|Any CPU
		{CDA282DD-6054-41E8-820F-CAC363213D40}.Debug|x86.ActiveCfg = Debug|Any CPU
		{CDA282DD-6054-41E8-820F-CAC363213D40}.Debug|x86.Build.0 = Debug|Any CPU
		{CDA282DD-6054-41E8-820F-CAC363213D40}.Release|Any CPU.ActiveCfg = Release|Any CPU
		{CDA282DD-6054-41E8-820F-CAC363213D40}.Release|Any CPU.Build.0 = Release|Any CPU
		{CDA282DD-6054-41E8-820F-CAC363213D40}.Release|x64.ActiveCfg = Release|Any CPU
		{CDA282DD-6054-41E8-820F-CAC363213D40}.Release|x64.Build.0 = Release|Any CPU
		{CDA282DD-6054-41E8-820F-CAC363213D40}.Release|x86.ActiveCfg = Release|Any CPU
		{CDA282DD-6054-41E8-820F-CAC363213D40}.Release|x86.Build.0 = Release|Any CPU
		{539F2F6B-3695-4D5A-B9CD-B4877257129A}.Debug|Any CPU.ActiveCfg = Debug|Any CPU
		{539F2F6B-3695-4D5A-B9CD-B4877257129A}.Debug|Any CPU.Build.0 = Debug|Any CPU
		{539F2F6B-3695-4D5A-B9CD-B4877257129A}.Debug|x64.ActiveCfg = Debug|Any CPU
		{539F2F6B-3695-4D5A-B9CD-B4877257129A}.Debug|x64.Build.0 = Debug|Any CPU
		{539F2F6B-3695-4D5A-B9CD-B4877257129A}.Debug|x86.ActiveCfg = Debug|Any CPU
		{539F2F6B-3695-4D5A-B9CD-B4877257129A}.Debug|x86.Build.0 = Debug|Any CPU
		{539F2F6B-3695-4D5A-B9CD-B4877257129A}.Release|Any CPU.ActiveCfg = Release|Any CPU
		{539F2F6B-3695-4D5A-B9CD-B4877257129A}.Release|Any CPU.Build.0 = Release|Any CPU
		{539F2F6B-3695-4D5A-B9CD-B4877257129A}.Release|x64.ActiveCfg = Release|Any CPU
		{539F2F6B-3695-4D5A-B9CD-B4877257129A}.Release|x64.Build.0 = Release|Any CPU
		{539F2F6B-3695-4D5A-B9CD-B4877257129A}.Release|x86.ActiveCfg = Release|Any CPU
		{539F2F6B-3695-4D5A-B9CD-B4877257129A}.Release|x86.Build.0 = Release|Any CPU
		{FED4D47E-CDFF-45D3-8E59-AF819686ABE1}.Debug|Any CPU.ActiveCfg = Debug|Any CPU
		{FED4D47E-CDFF-45D3-8E59-AF819686ABE1}.Debug|Any CPU.Build.0 = Debug|Any CPU
		{FED4D47E-CDFF-45D3-8E59-AF819686ABE1}.Debug|x64.ActiveCfg = Debug|Any CPU
		{FED4D47E-CDFF-45D3-8E59-AF819686ABE1}.Debug|x64.Build.0 = Debug|Any CPU
		{FED4D47E-CDFF-45D3-8E59-AF819686ABE1}.Debug|x86.ActiveCfg = Debug|Any CPU
		{FED4D47E-CDFF-45D3-8E59-AF819686ABE1}.Debug|x86.Build.0 = Debug|Any CPU
		{FED4D47E-CDFF-45D3-8E59-AF819686ABE1}.Release|Any CPU.ActiveCfg = Release|Any CPU
		{FED4D47E-CDFF-45D3-8E59-AF819686ABE1}.Release|Any CPU.Build.0 = Release|Any CPU
		{FED4D47E-CDFF-45D3-8E59-AF819686ABE1}.Release|x64.ActiveCfg = Release|Any CPU
		{FED4D47E-CDFF-45D3-8E59-AF819686ABE1}.Release|x64.Build.0 = Release|Any CPU
		{FED4D47E-CDFF-45D3-8E59-AF819686ABE1}.Release|x86.ActiveCfg = Release|Any CPU
		{FED4D47E-CDFF-45D3-8E59-AF819686ABE1}.Release|x86.Build.0 = Release|Any CPU
		{5F3410FB-8707-4EB2-AD77-0EA74A743421}.Debug|Any CPU.ActiveCfg = Debug|Any CPU
		{5F3410FB-8707-4EB2-AD77-0EA74A743421}.Debug|Any CPU.Build.0 = Debug|Any CPU
		{5F3410FB-8707-4EB2-AD77-0EA74A743421}.Debug|x64.ActiveCfg = Debug|Any CPU
		{5F3410FB-8707-4EB2-AD77-0EA74A743421}.Debug|x64.Build.0 = Debug|Any CPU
		{5F3410FB-8707-4EB2-AD77-0EA74A743421}.Debug|x86.ActiveCfg = Debug|Any CPU
		{5F3410FB-8707-4EB2-AD77-0EA74A743421}.Debug|x86.Build.0 = Debug|Any CPU
		{5F3410FB-8707-4EB2-AD77-0EA74A743421}.Release|Any CPU.ActiveCfg = Release|Any CPU
		{5F3410FB-8707-4EB2-AD77-0EA74A743421}.Release|Any CPU.Build.0 = Release|Any CPU
		{5F3410FB-8707-4EB2-AD77-0EA74A743421}.Release|x64.ActiveCfg = Release|Any CPU
		{5F3410FB-8707-4EB2-AD77-0EA74A743421}.Release|x64.Build.0 = Release|Any CPU
		{5F3410FB-8707-4EB2-AD77-0EA74A743421}.Release|x86.ActiveCfg = Release|Any CPU
		{5F3410FB-8707-4EB2-AD77-0EA74A743421}.Release|x86.Build.0 = Release|Any CPU
		{6021B293-7522-4D99-A69A-F25D47BCF531}.Debug|Any CPU.ActiveCfg = Debug|Any CPU
		{6021B293-7522-4D99-A69A-F25D47BCF531}.Debug|Any CPU.Build.0 = Debug|Any CPU
		{6021B293-7522-4D99-A69A-F25D47BCF531}.Debug|x64.ActiveCfg = Debug|Any CPU
		{6021B293-7522-4D99-A69A-F25D47BCF531}.Debug|x64.Build.0 = Debug|Any CPU
		{6021B293-7522-4D99-A69A-F25D47BCF531}.Debug|x86.ActiveCfg = Debug|Any CPU
		{6021B293-7522-4D99-A69A-F25D47BCF531}.Debug|x86.Build.0 = Debug|Any CPU
		{6021B293-7522-4D99-A69A-F25D47BCF531}.Release|Any CPU.ActiveCfg = Release|Any CPU
		{6021B293-7522-4D99-A69A-F25D47BCF531}.Release|Any CPU.Build.0 = Release|Any CPU
		{6021B293-7522-4D99-A69A-F25D47BCF531}.Release|x64.ActiveCfg = Release|Any CPU
		{6021B293-7522-4D99-A69A-F25D47BCF531}.Release|x64.Build.0 = Release|Any CPU
		{6021B293-7522-4D99-A69A-F25D47BCF531}.Release|x86.ActiveCfg = Release|Any CPU
		{6021B293-7522-4D99-A69A-F25D47BCF531}.Release|x86.Build.0 = Release|Any CPU
		{46D397CD-D80E-42B1-AF1C-25CE8042A71D}.Debug|Any CPU.ActiveCfg = Debug|Any CPU
		{46D397CD-D80E-42B1-AF1C-25CE8042A71D}.Debug|Any CPU.Build.0 = Debug|Any CPU
		{46D397CD-D80E-42B1-AF1C-25CE8042A71D}.Debug|x64.ActiveCfg = Debug|Any CPU
		{46D397CD-D80E-42B1-AF1C-25CE8042A71D}.Debug|x64.Build.0 = Debug|Any CPU
		{46D397CD-D80E-42B1-AF1C-25CE8042A71D}.Debug|x86.ActiveCfg = Debug|Any CPU
		{46D397CD-D80E-42B1-AF1C-25CE8042A71D}.Debug|x86.Build.0 = Debug|Any CPU
		{46D397CD-D80E-42B1-AF1C-25CE8042A71D}.Release|Any CPU.ActiveCfg = Release|Any CPU
		{46D397CD-D80E-42B1-AF1C-25CE8042A71D}.Release|Any CPU.Build.0 = Release|Any CPU
		{46D397CD-D80E-42B1-AF1C-25CE8042A71D}.Release|x64.ActiveCfg = Release|Any CPU
		{46D397CD-D80E-42B1-AF1C-25CE8042A71D}.Release|x64.Build.0 = Release|Any CPU
		{46D397CD-D80E-42B1-AF1C-25CE8042A71D}.Release|x86.ActiveCfg = Release|Any CPU
		{46D397CD-D80E-42B1-AF1C-25CE8042A71D}.Release|x86.Build.0 = Release|Any CPU
		{172DEFAC-10DE-404A-874C-39F4B0992A69}.Debug|Any CPU.ActiveCfg = Debug|Any CPU
		{172DEFAC-10DE-404A-874C-39F4B0992A69}.Debug|Any CPU.Build.0 = Debug|Any CPU
		{172DEFAC-10DE-404A-874C-39F4B0992A69}.Debug|x64.ActiveCfg = Debug|Any CPU
		{172DEFAC-10DE-404A-874C-39F4B0992A69}.Debug|x64.Build.0 = Debug|Any CPU
		{172DEFAC-10DE-404A-874C-39F4B0992A69}.Debug|x86.ActiveCfg = Debug|Any CPU
		{172DEFAC-10DE-404A-874C-39F4B0992A69}.Debug|x86.Build.0 = Debug|Any CPU
		{172DEFAC-10DE-404A-874C-39F4B0992A69}.Release|Any CPU.ActiveCfg = Release|Any CPU
		{172DEFAC-10DE-404A-874C-39F4B0992A69}.Release|Any CPU.Build.0 = Release|Any CPU
		{172DEFAC-10DE-404A-874C-39F4B0992A69}.Release|x64.ActiveCfg = Release|Any CPU
		{172DEFAC-10DE-404A-874C-39F4B0992A69}.Release|x64.Build.0 = Release|Any CPU
		{172DEFAC-10DE-404A-874C-39F4B0992A69}.Release|x86.ActiveCfg = Release|Any CPU
		{172DEFAC-10DE-404A-874C-39F4B0992A69}.Release|x86.Build.0 = Release|Any CPU
		{34C20138-E106-4B60-970D-C8DEF3A31AC0}.Debug|Any CPU.ActiveCfg = Debug|Any CPU
		{34C20138-E106-4B60-970D-C8DEF3A31AC0}.Debug|Any CPU.Build.0 = Debug|Any CPU
		{34C20138-E106-4B60-970D-C8DEF3A31AC0}.Debug|x64.ActiveCfg = Debug|Any CPU
		{34C20138-E106-4B60-970D-C8DEF3A31AC0}.Debug|x64.Build.0 = Debug|Any CPU
		{34C20138-E106-4B60-970D-C8DEF3A31AC0}.Debug|x86.ActiveCfg = Debug|Any CPU
		{34C20138-E106-4B60-970D-C8DEF3A31AC0}.Debug|x86.Build.0 = Debug|Any CPU
		{34C20138-E106-4B60-970D-C8DEF3A31AC0}.Release|Any CPU.ActiveCfg = Release|Any CPU
		{34C20138-E106-4B60-970D-C8DEF3A31AC0}.Release|Any CPU.Build.0 = Release|Any CPU
		{34C20138-E106-4B60-970D-C8DEF3A31AC0}.Release|x64.ActiveCfg = Release|Any CPU
		{34C20138-E106-4B60-970D-C8DEF3A31AC0}.Release|x64.Build.0 = Release|Any CPU
		{34C20138-E106-4B60-970D-C8DEF3A31AC0}.Release|x86.ActiveCfg = Release|Any CPU
		{34C20138-E106-4B60-970D-C8DEF3A31AC0}.Release|x86.Build.0 = Release|Any CPU
	EndGlobalSection
	GlobalSection(SolutionProperties) = preSolution
		HideSolutionNode = FALSE
	EndGlobalSection
	GlobalSection(ExtensibilityGlobals) = postSolution
		SolutionGuid = {C386A2CA-8068-4F7F-994E-CBC7A433BC63}
	EndGlobalSection
EndGlobal
